<Solution>
  <Folder Name="/sln/">
    <File Path=".editorconfig" />
    <File Path=".gitignore" />
    <File Path="CLAUDE.md" />
    <File Path="README.md" />
  </Folder>
  <Folder Name="/src/">
    <Project Path="src/Scufpad/scufpad.csproj" />
  </Folder>
  <Folder Name="/tests/">
    <Project Path="tests/scufpad.Tests.Unit/scufpad.Tests.Unit.csproj" />
    <Project Path="tests/scufpad.Tests.Integration/scufpad.Tests.Integration.csproj" />
  </Folder>
</Solution>
